
Microsoft Visual Studio Solution File, Format Version 12.00
# Visual Studio Version 17
VisualStudioVersion = 17.14.36623.8 d17.14
MinimumVisualStudioVersion = 10.0.40219.1
Project("{FAE04EC0-301F-11D3-BF4B-00C04F79EFBC}") = "Contact Book", "Contact Book\Contact Book.csproj", "{8DE93DF1-A0D0-4470-B0FC-AC3BDCF7F400}"
EndProject
Global
	GlobalSection(SolutionConfigurationPlatforms) = preSolution
		Debug|Any CPU = Debug|Any CPU
		Release|Any CPU = Release|Any CPU
	EndGlobalSection
	GlobalSection(ProjectConfigurationPlatforms) = postSolution
		{8DE93DF1-A0D0-4470-B0FC-AC3BDCF7F400}.Debug|Any CPU.ActiveCfg = Debug|Any CPU
		{8DE93DF1-A0D0-4470-B0FC-AC3BDCF7F400}.Debug|Any CPU.Build.0 = Debug|Any CPU
		{8DE93DF1-A0D0-4470-B0FC-AC3BDCF7F400}.Release|Any CPU.ActiveCfg = Release|Any CPU
		{8DE93DF1-A0D0-4470-B0FC-AC3BDCF7F400}.Release|Any CPU.Build.0 = Release|Any CPU
	EndGlobalSection
	GlobalSection(SolutionProperties) = preSolution
		HideSolutionNode = FALSE
	EndGlobalSection
	GlobalSection(ExtensibilityGlobals) = postSolution
		SolutionGuid = {B41740A8-2215-46CC-B938-C263527BA903}
	EndGlobalSection
EndGlobal
